
Microsoft Visual Studio Solution File, Format Version 12.00
# Visual Studio Version 16
VisualStudioVersion = 16.0.31005.135
MinimumVisualStudioVersion = 10.0.40219.1
Project("{8BC9CEB8-8B4A-11D0-8D11-00A0C91BC942}") = "Liashenko_CPoint", "Liashenko_CPoint\Liashenko_CPoint.vcxproj", "{2A9C02FB-FCFF-4F6B-B383-D79BF1C8F693}"
EndProject
Global
	GlobalSection(SolutionConfigurationPlatforms) = preSolution
		Debug|x64 = Debug|x64
		Debug|x86 = Debug|x86
		Release|x64 = Release|x64
		Release|x86 = Release|x86
	EndGlobalSection
	GlobalSection(ProjectConfigurationPlatforms) = postSolution
		{2A9C02FB-FCFF-4F6B-B383-D79BF1C8F693}.Debug|x64.ActiveCfg = Debug|x64
		{2A9C02FB-FCFF-4F6B-B383-D79BF1C8F693}.Debug|x64.Build.0 = Debug|x64
		{2A9C02FB-FCFF-4F6B-B383-D79BF1C8F693}.Debug|x86.ActiveCfg = Debug|Win32
		{2A9C02FB-FCFF-4F6B-B383-D79BF1C8F693}.Debug|x86.Build.0 = Debug|Win32
		{2A9C02FB-FCFF-4F6B-B383-D79BF1C8F693}.Release|x64.ActiveCfg = Release|x64
		{2A9C02FB-FCFF-4F6B-B383-D79BF1C8F693}.Release|x64.Build.0 = Release|x64
		{2A9C02FB-FCFF-4F6B-B383-D79BF1C8F693}.Release|x86.ActiveCfg = Release|Win32
		{2A9C02FB-FCFF-4F6B-B383-D79BF1C8F693}.Release|x86.Build.0 = Release|Win32
	EndGlobalSection
	GlobalSection(SolutionProperties) = preSolution
		HideSolutionNode = FALSE
	EndGlobalSection
	GlobalSection(ExtensibilityGlobals) = postSolution
		SolutionGuid = {0845F666-61D0-4769-A7F2-CB915CAA56E9}
	EndGlobalSection
EndGlobal
